
Microsoft Visual Studio Solution File, Format Version 12.00
# Visual Studio Version 17
VisualStudioVersion = 17.3.32804.467
MinimumVisualStudioVersion = 10.0.40219.1
Project("{FAE04EC0-301F-11D3-BF4B-00C04F79EFBC}") = "LinqLesson", "LinqLesson\LinqLesson.csproj", "{0FBA27D5-CA3F-4C1A-AB6A-2101B842C7D3}"
EndProject
Project("{FAE04EC0-301F-11D3-BF4B-00C04F79EFBC}") = "LinqLessonTests", "LinqLessonTests\LinqLessonTests.csproj", "{0B1D9DE9-CCB6-4143-9645-479DC22BE1D1}"
EndProject
Global
	GlobalSection(SolutionConfigurationPlatforms) = preSolution
		Debug|Any CPU = Debug|Any CPU
		Release|Any CPU = Release|Any CPU
	EndGlobalSection
	GlobalSection(ProjectConfigurationPlatforms) = postSolution
		{0FBA27D5-CA3F-4C1A-AB6A-2101B842C7D3}.Debug|Any CPU.ActiveCfg = Debug|Any CPU
		{0FBA27D5-CA3F-4C1A-AB6A-2101B842C7D3}.Debug|Any CPU.Build.0 = Debug|Any CPU
		{0FBA27D5-CA3F-4C1A-AB6A-2101B842C7D3}.Release|Any CPU.ActiveCfg = Release|Any CPU
		{0FBA27D5-CA3F-4C1A-AB6A-2101B842C7D3}.Release|Any CPU.Build.0 = Release|Any CPU
		{0B1D9DE9-CCB6-4143-9645-479DC22BE1D1}.Debug|Any CPU.ActiveCfg = Debug|Any CPU
		{0B1D9DE9-CCB6-4143-9645-479DC22BE1D1}.Debug|Any CPU.Build.0 = Debug|Any CPU
		{0B1D9DE9-CCB6-4143-9645-479DC22BE1D1}.Release|Any CPU.ActiveCfg = Release|Any CPU
		{0B1D9DE9-CCB6-4143-9645-479DC22BE1D1}.Release|Any CPU.Build.0 = Release|Any CPU
	EndGlobalSection
	GlobalSection(SolutionProperties) = preSolution
		HideSolutionNode = FALSE
	EndGlobalSection
	GlobalSection(ExtensibilityGlobals) = postSolution
		SolutionGuid = {F49D6D3A-5B59-4C6B-9E34-AE41C4078AA3}
	EndGlobalSection
EndGlobal
